// !$*UTF8*$!
{
	archiveVersion = 1;
	classes = {
	};
	objectVersion = 50;
	objects = {

/* Begin PBXBuildFile section */
		CD0DE0912306CCDE007F101C /* Extensions.swift in Sources */ = {isa = PBXBuildFile; fileRef = CD0DE0902306CCDE007F101C /* Extensions.swift */; };
		CD0DE0952306CDCB007F101C /* VideoCell.swift in Sources */ = {isa = PBXBuildFile; fileRef = CD0DE0942306CDCB007F101C /* VideoCell.swift */; };
		CD0DE0982306D118007F101C /* MenuBar.swift in Sources */ = {isa = PBXBuildFile; fileRef = CD0DE0972306D118007F101C /* MenuBar.swift */; };
		CD0DE09B230746D4007F101C /* Video.swift in Sources */ = {isa = PBXBuildFile; fileRef = CD0DE09A230746D4007F101C /* Video.swift */; };
		CD0DE09D230D6100007F101C /* SettingsLauncher.swift in Sources */ = {isa = PBXBuildFile; fileRef = CD0DE09C230D6100007F101C /* SettingsLauncher.swift */; };
		CD0DE09F230DD40C007F101C /* SettingsCell.swift in Sources */ = {isa = PBXBuildFile; fileRef = CD0DE09E230DD40C007F101C /* SettingsCell.swift */; };
		CD1574A523035B8700D3F1E2 /* AppDelegate.swift in Sources */ = {isa = PBXBuildFile; fileRef = CD1574A423035B8700D3F1E2 /* AppDelegate.swift */; };
		CD1574A723035B8700D3F1E2 /* HomeController.swift in Sources */ = {isa = PBXBuildFile; fileRef = CD1574A623035B8700D3F1E2 /* HomeController.swift */; };
		CD1574AA23035B8700D3F1E2 /* Main.storyboard in Resources */ = {isa = PBXBuildFile; fileRef = CD1574A823035B8700D3F1E2 /* Main.storyboard */; };
		CD1574AC23035B9000D3F1E2 /* Assets.xcassets in Resources */ = {isa = PBXBuildFile; fileRef = CD1574AB23035B9000D3F1E2 /* Assets.xcassets */; };
		CD1574AF23035B9000D3F1E2 /* LaunchScreen.storyboard in Resources */ = {isa = PBXBuildFile; fileRef = CD1574AD23035B9000D3F1E2 /* LaunchScreen.storyboard */; };
		CD1EC0B023100E3200B2A7A7 /* ApiService.swift in Sources */ = {isa = PBXBuildFile; fileRef = CD1EC0AF23100E3200B2A7A7 /* ApiService.swift */; };
		CD1EC0B2231089F800B2A7A7 /* FeedCell.swift in Sources */ = {isa = PBXBuildFile; fileRef = CD1EC0B1231089F800B2A7A7 /* FeedCell.swift */; };
		CD1EC0B4231091AA00B2A7A7 /* SubscriptionCell.swift in Sources */ = {isa = PBXBuildFile; fileRef = CD1EC0B3231091AA00B2A7A7 /* SubscriptionCell.swift */; };
		CD1EC0B6231091D000B2A7A7 /* TrendingCell.swift in Sources */ = {isa = PBXBuildFile; fileRef = CD1EC0B5231091D000B2A7A7 /* TrendingCell.swift */; };
		CD1EC0BA23115BAF00B2A7A7 /* VideoLauncher.swift in Sources */ = {isa = PBXBuildFile; fileRef = CD1EC0B923115BAF00B2A7A7 /* VideoLauncher.swift */; };
/* End PBXBuildFile section */

/* Begin PBXFileReference section */
		CD0DE0902306CCDE007F101C /* Extensions.swift */ = {isa = PBXFileReference; lastKnownFileType = sourcecode.swift; path = Extensions.swift; sourceTree = "<group>"; };
		CD0DE0942306CDCB007F101C /* VideoCell.swift */ = {isa = PBXFileReference; lastKnownFileType = sourcecode.swift; path = VideoCell.swift; sourceTree = "<group>"; };
		CD0DE0972306D118007F101C /* MenuBar.swift */ = {isa = PBXFileReference; lastKnownFileType = sourcecode.swift; path = MenuBar.swift; sourceTree = "<group>"; };
		CD0DE09A230746D4007F101C /* Video.swift */ = {isa = PBXFileReference; lastKnownFileType = sourcecode.swift; path = Video.swift; sourceTree = "<group>"; };
		CD0DE09C230D6100007F101C /* SettingsLauncher.swift */ = {isa = PBXFileReference; lastKnownFileType = sourcecode.swift; path = SettingsLauncher.swift; sourceTree = "<group>"; };
		CD0DE09E230DD40C007F101C /* SettingsCell.swift */ = {isa = PBXFileReference; lastKnownFileType = sourcecode.swift; path = SettingsCell.swift; sourceTree = "<group>"; };
		CD1574A123035B8600D3F1E2 /* StreamingApplication.app */ = {isa = PBXFileReference; explicitFileType = wrapper.application; includeInIndex = 0; path = StreamingApplication.app; sourceTree = BUILT_PRODUCTS_DIR; };
		CD1574A423035B8700D3F1E2 /* AppDelegate.swift */ = {isa = PBXFileReference; lastKnownFileType = sourcecode.swift; path = AppDelegate.swift; sourceTree = "<group>"; };
		CD1574A623035B8700D3F1E2 /* HomeController.swift */ = {isa = PBXFileReference; lastKnownFileType = sourcecode.swift; path = HomeController.swift; sourceTree = "<group>"; };
		CD1574A923035B8700D3F1E2 /* Base */ = {isa = PBXFileReference; lastKnownFileType = file.storyboard; name = Base; path = Base.lproj/Main.storyboard; sourceTree = "<group>"; };
		CD1574AB23035B9000D3F1E2 /* Assets.xcassets */ = {isa = PBXFileReference; lastKnownFileType = folder.assetcatalog; path = Assets.xcassets; sourceTree = "<group>"; };
		CD1574AE23035B9000D3F1E2 /* Base */ = {isa = PBXFileReference; lastKnownFileType = file.storyboard; name = Base; path = Base.lproj/LaunchScreen.storyboard; sourceTree = "<group>"; };
		CD1574B023035B9000D3F1E2 /* Info.plist */ = {isa = PBXFileReference; lastKnownFileType = text.plist.xml; path = Info.plist; sourceTree = "<group>"; };
		CD1EC0AF23100E3200B2A7A7 /* ApiService.swift */ = {isa = PBXFileReference; lastKnownFileType = sourcecode.swift; path = ApiService.swift; sourceTree = "<group>"; };
		CD1EC0B1231089F800B2A7A7 /* FeedCell.swift */ = {isa = PBXFileReference; lastKnownFileType = sourcecode.swift; path = FeedCell.swift; sourceTree = "<group>"; };
		CD1EC0B3231091AA00B2A7A7 /* SubscriptionCell.swift */ = {isa = PBXFileReference; lastKnownFileType = sourcecode.swift; path = SubscriptionCell.swift; sourceTree = "<group>"; };
		CD1EC0B5231091D000B2A7A7 /* TrendingCell.swift */ = {isa = PBXFileReference; lastKnownFileType = sourcecode.swift; path = TrendingCell.swift; sourceTree = "<group>"; };
		CD1EC0B923115BAF00B2A7A7 /* VideoLauncher.swift */ = {isa = PBXFileReference; lastKnownFileType = sourcecode.swift; path = VideoLauncher.swift; sourceTree = "<group>"; };
/* End PBXFileReference section */

/* Begin PBXFrameworksBuildPhase section */
		CD15749E23035B8600D3F1E2 /* Frameworks */ = {
			isa = PBXFrameworksBuildPhase;
			buildActionMask = 2147483647;
			files = (
			);
			runOnlyForDeploymentPostprocessing = 0;
		};
/* End PBXFrameworksBuildPhase section */

/* Begin PBXGroup section */
		CD0DE08F2306CCAD007F101C /* Helpers */ = {
			isa = PBXGroup;
			children = (
				CD0DE0902306CCDE007F101C /* Extensions.swift */,
				CD1EC0B923115BAF00B2A7A7 /* VideoLauncher.swift */,
			);
			path = Helpers;
			sourceTree = "<group>";
		};
		CD0DE0922306CD83007F101C /* View */ = {
			isa = PBXGroup;
			children = (
				CD0DE0942306CDCB007F101C /* VideoCell.swift */,
				CD0DE0972306D118007F101C /* MenuBar.swift */,
				CD0DE09E230DD40C007F101C /* SettingsCell.swift */,
				CD0DE09C230D6100007F101C /* SettingsLauncher.swift */,
				CD1EC0B1231089F800B2A7A7 /* FeedCell.swift */,
				CD1EC0B3231091AA00B2A7A7 /* SubscriptionCell.swift */,
				CD1EC0B5231091D000B2A7A7 /* TrendingCell.swift */,
			);
			path = View;
			sourceTree = "<group>";
		};
		CD0DE0962306CDF6007F101C /* Controller */ = {
			isa = PBXGroup;
			children = (
				CD1574A623035B8700D3F1E2 /* HomeController.swift */,
			);
			path = Controller;
			sourceTree = "<group>";
		};
		CD0DE09923074667007F101C /* Model */ = {
			isa = PBXGroup;
			children = (
				CD0DE09A230746D4007F101C /* Video.swift */,
			);
			path = Model;
			sourceTree = "<group>";
		};
		CD15749823035B8600D3F1E2 = {
			isa = PBXGroup;
			children = (
				CD1574A323035B8600D3F1E2 /* StreamingApplication */,
				CD1574A223035B8600D3F1E2 /* Products */,
			);
			sourceTree = "<group>";
		};
		CD1574A223035B8600D3F1E2 /* Products */ = {
			isa = PBXGroup;
			children = (
				CD1574A123035B8600D3F1E2 /* StreamingApplication.app */,
			);
			name = Products;
			sourceTree = "<group>";
		};
		CD1574A323035B8600D3F1E2 /* StreamingApplication */ = {
			isa = PBXGroup;
			children = (
				CD1EC0AE23100DF900B2A7A7 /* ApiService */,
				CD0DE09923074667007F101C /* Model */,
				CD0DE0922306CD83007F101C /* View */,
				CD0DE0962306CDF6007F101C /* Controller */,
				CD0DE08F2306CCAD007F101C /* Helpers */,
				CD1574A423035B8700D3F1E2 /* AppDelegate.swift */,
				CD1574A823035B8700D3F1E2 /* Main.storyboard */,
				CD1574AB23035B9000D3F1E2 /* Assets.xcassets */,
				CD1574AD23035B9000D3F1E2 /* LaunchScreen.storyboard */,
				CD1574B023035B9000D3F1E2 /* Info.plist */,
			);
			path = StreamingApplication;
			sourceTree = "<group>";
		};
		CD1EC0AE23100DF900B2A7A7 /* ApiService */ = {
			isa = PBXGroup;
			children = (
				CD1EC0AF23100E3200B2A7A7 /* ApiService.swift */,
			);
			path = ApiService;
			sourceTree = "<group>";
		};
/* End PBXGroup section */

/* Begin PBXNativeTarget section */
		CD1574A023035B8600D3F1E2 /* StreamingApplication */ = {
			isa = PBXNativeTarget;
			buildConfigurationList = CD1574B323035B9000D3F1E2 /* Build configuration list for PBXNativeTarget "StreamingApplication" */;
			buildPhases = (
				CD15749D23035B8600D3F1E2 /* Sources */,
				CD15749E23035B8600D3F1E2 /* Frameworks */,
				CD15749F23035B8600D3F1E2 /* Resources */,
			);
			buildRules = (
			);
			dependencies = (
			);
			name = StreamingApplication;
			productName = StreamingApplication;
			productReference = CD1574A123035B8600D3F1E2 /* StreamingApplication.app */;
			productType = "com.apple.product-type.application";
		};
/* End PBXNativeTarget section */

/* Begin PBXProject section */
		CD15749923035B8600D3F1E2 /* Project object */ = {
			isa = PBXProject;
			attributes = {
				LastSwiftUpdateCheck = 1010;
				LastUpgradeCheck = 1010;
				ORGANIZATIONNAME = "Роман Лабунский";
				TargetAttributes = {
					CD1574A023035B8600D3F1E2 = {
						CreatedOnToolsVersion = 10.1;
					};
				};
			};
			buildConfigurationList = CD15749C23035B8600D3F1E2 /* Build configuration list for PBXProject "StreamingApplication" */;
			compatibilityVersion = "Xcode 9.3";
			developmentRegion = en;
			hasScannedForEncodings = 0;
			knownRegions = (
				en,
				Base,
			);
			mainGroup = CD15749823035B8600D3F1E2;
			productRefGroup = CD1574A223035B8600D3F1E2 /* Products */;
			projectDirPath = "";
			projectRoot = "";
			targets = (
				CD1574A023035B8600D3F1E2 /* StreamingApplication */,
			);
		};
/* End PBXProject section */

/* Begin PBXResourcesBuildPhase section */
		CD15749F23035B8600D3F1E2 /* Resources */ = {
			isa = PBXResourcesBuildPhase;
			buildActionMask = 2147483647;
			files = (
				CD1574AF23035B9000D3F1E2 /* LaunchScreen.storyboard in Resources */,
				CD1574AC23035B9000D3F1E2 /* Assets.xcassets in Resources */,
				CD1574AA23035B8700D3F1E2 /* Main.storyboard in Resources */,
			);
			runOnlyForDeploymentPostprocessing = 0;
		};
/* End PBXResourcesBuildPhase section */

/* Begin PBXSourcesBuildPhase section */
		CD15749D23035B8600D3F1E2 /* Sources */ = {
			isa = PBXSourcesBuildPhase;
			buildActionMask = 2147483647;
			files = (
				CD1574A723035B8700D3F1E2 /* HomeController.swift in Sources */,
				CD1EC0B2231089F800B2A7A7 /* FeedCell.swift in Sources */,
				CD0DE09B230746D4007F101C /* Video.swift in Sources */,
				CD0DE0952306CDCB007F101C /* VideoCell.swift in Sources */,
				CD0DE09D230D6100007F101C /* SettingsLauncher.swift in Sources */,
				CD0DE0912306CCDE007F101C /* Extensions.swift in Sources */,
				CD1EC0B023100E3200B2A7A7 /* ApiService.swift in Sources */,
				CD1EC0BA23115BAF00B2A7A7 /* VideoLauncher.swift in Sources */,
				CD1574A523035B8700D3F1E2 /* AppDelegate.swift in Sources */,
				CD1EC0B6231091D000B2A7A7 /* TrendingCell.swift in Sources */,
				CD0DE09F230DD40C007F101C /* SettingsCell.swift in Sources */,
				CD0DE0982306D118007F101C /* MenuBar.swift in Sources */,
				CD1EC0B4231091AA00B2A7A7 /* SubscriptionCell.swift in Sources */,
			);
			runOnlyForDeploymentPostprocessing = 0;
		};
/* End PBXSourcesBuildPhase section */

/* Begin PBXVariantGroup section */
		CD1574A823035B8700D3F1E2 /* Main.storyboard */ = {
			isa = PBXVariantGroup;
			children = (
				CD1574A923035B8700D3F1E2 /* Base */,
			);
			name = Main.storyboard;
			sourceTree = "<group>";
		};
		CD1574AD23035B9000D3F1E2 /* LaunchScreen.storyboard */ = {
			isa = PBXVariantGroup;
			children = (
				CD1574AE23035B9000D3F1E2 /* Base */,
			);
			name = LaunchScreen.storyboard;
			sourceTree = "<group>";
		};
/* End PBXVariantGroup section */

/* Begin XCBuildConfiguration section */
		CD1574B123035B9000D3F1E2 /* Debug */ = {
			isa = XCBuildConfiguration;
			buildSettings = {
				ALWAYS_SEARCH_USER_PATHS = NO;
				CLANG_ANALYZER_NONNULL = YES;
				CLANG_ANALYZER_NUMBER_OBJECT_CONVERSION = YES_AGGRESSIVE;
				CLANG_CXX_LANGUAGE_STANDARD = "gnu++14";
				CLANG_CXX_LIBRARY = "libc++";
				CLANG_ENABLE_MODULES = YES;
				CLANG_ENABLE_OBJC_ARC = YES;
				CLANG_ENABLE_OBJC_WEAK = YES;
				CLANG_WARN_BLOCK_CAPTURE_AUTORELEASING = YES;
				CLANG_WARN_BOOL_CONVERSION = YES;
				CLANG_WARN_COMMA = YES;
				CLANG_WARN_CONSTANT_CONVERSION = YES;
				CLANG_WARN_DEPRECATED_OBJC_IMPLEMENTATIONS = YES;
				CLANG_WARN_DIRECT_OBJC_ISA_USAGE = YES_ERROR;
				CLANG_WARN_DOCUMENTATION_COMMENTS = YES;
				CLANG_WARN_EMPTY_BODY = YES;
				CLANG_WARN_ENUM_CONVERSION = YES;
				CLANG_WARN_INFINITE_RECURSION = YES;
				CLANG_WARN_INT_CONVERSION = YES;
				CLANG_WARN_NON_LITERAL_NULL_CONVERSION = YES;
				CLANG_WARN_OBJC_IMPLICIT_RETAIN_SELF = YES;
				CLANG_WARN_OBJC_LITERAL_CONVERSION = YES;
				CLANG_WARN_OBJC_ROOT_CLASS = YES_ERROR;
				CLANG_WARN_RANGE_LOOP_ANALYSIS = YES;
				CLANG_WARN_STRICT_PROTOTYPES = YES;
				CLANG_WARN_SUSPICIOUS_MOVE = YES;
				CLANG_WARN_UNGUARDED_AVAILABILITY = YES_AGGRESSIVE;
				CLANG_WARN_UNREACHABLE_CODE = YES;
				CLANG_WARN__DUPLICATE_METHOD_MATCH = YES;
				CODE_SIGN_IDENTITY = "iPhone Developer";
				COPY_PHASE_STRIP = NO;
				DEBUG_INFORMATION_FORMAT = dwarf;
				ENABLE_STRICT_OBJC_MSGSEND = YES;
				ENABLE_TESTABILITY = YES;
				GCC_C_LANGUAGE_STANDARD = gnu11;
				GCC_DYNAMIC_NO_PIC = NO;
				GCC_NO_COMMON_BLOCKS = YES;
				GCC_OPTIMIZATION_LEVEL = 0;
				GCC_PREPROCESSOR_DEFINITIONS = (
					"DEBUG=1",
					"$(inherited)",
				);
				GCC_WARN_64_TO_32_BIT_CONVERSION = YES;
				GCC_WARN_ABOUT_RETURN_TYPE = YES_ERROR;
				GCC_WARN_UNDECLARED_SELECTOR = YES;
				GCC_WARN_UNINITIALIZED_AUTOS = YES_AGGRESSIVE;
				GCC_WARN_UNUSED_FUNCTION = YES;
				GCC_WARN_UNUSED_VARIABLE = YES;
				IPHONEOS_DEPLOYMENT_TARGET = 12.1;
				MTL_ENABLE_DEBUG_INFO = INCLUDE_SOURCE;
				MTL_FAST_MATH = YES;
				ONLY_ACTIVE_ARCH = YES;
				SDKROOT = iphoneos;
				SWIFT_ACTIVE_COMPILATION_CONDITIONS = DEBUG;
				SWIFT_OPTIMIZATION_LEVEL = "-Onone";
			};
			name = Debug;
		};
		CD1574B223035B9000D3F1E2 /* Release */ = {
			isa = XCBuildConfiguration;
			buildSettings = {
				ALWAYS_SEARCH_USER_PATHS = NO;
				CLANG_ANALYZER_NONNULL = YES;
				CLANG_ANALYZER_NUMBER_OBJECT_CONVERSION = YES_AGGRESSIVE;
				CLANG_CXX_LANGUAGE_STANDARD = "gnu++14";
				CLANG_CXX_LIBRARY = "libc++";
				CLANG_ENABLE_MODULES = YES;
				CLANG_ENABLE_OBJC_ARC = YES;
				CLANG_ENABLE_OBJC_WEAK = YES;
				CLANG_WARN_BLOCK_CAPTURE_AUTORELEASING = YES;
				CLANG_WARN_BOOL_CONVERSION = YES;
				CLANG_WARN_COMMA = YES;
				CLANG_WARN_CONSTANT_CONVERSION = YES;
				CLANG_WARN_DEPRECATED_OBJC_IMPLEMENTATIONS = YES;
				CLANG_WARN_DIRECT_OBJC_ISA_USAGE = YES_ERROR;
				CLANG_WARN_DOCUMENTATION_COMMENTS = YES;
				CLANG_WARN_EMPTY_BODY = YES;
				CLANG_WARN_ENUM_CONVERSION = YES;
				CLANG_WARN_INFINITE_RECURSION = YES;
				CLANG_WARN_INT_CONVERSION = YES;
				CLANG_WARN_NON_LITERAL_NULL_CONVERSION = YES;
				CLANG_WARN_OBJC_IMPLICIT_RETAIN_SELF = YES;
				CLANG_WARN_OBJC_LITERAL_CONVERSION = YES;
				CLANG_WARN_OBJC_ROOT_CLASS = YES_ERROR;
				CLANG_WARN_RANGE_LOOP_ANALYSIS = YES;
				CLANG_WARN_STRICT_PROTOTYPES = YES;
				CLANG_WARN_SUSPICIOUS_MOVE = YES;
				CLANG_WARN_UNGUARDED_AVAILABILITY = YES_AGGRESSIVE;
				CLANG_WARN_UNREACHABLE_CODE = YES;
				CLANG_WARN__DUPLICATE_METHOD_MATCH = YES;
				CODE_SIGN_IDENTITY = "iPhone Developer";
				COPY_PHASE_STRIP = NO;
				DEBUG_INFORMATION_FORMAT = "dwarf-with-dsym";
				ENABLE_NS_ASSERTIONS = NO;
				ENABLE_STRICT_OBJC_MSGSEND = YES;
				GCC_C_LANGUAGE_STANDARD = gnu11;
				GCC_NO_COMMON_BLOCKS = YES;
				GCC_WARN_64_TO_32_BIT_CONVERSION = YES;
				GCC_WARN_ABOUT_RETURN_TYPE = YES_ERROR;
				GCC_WARN_UNDECLARED_SELECTOR = YES;
				GCC_WARN_UNINITIALIZED_AUTOS = YES_AGGRESSIVE;
				GCC_WARN_UNUSED_FUNCTION = YES;
				GCC_WARN_UNUSED_VARIABLE = YES;
				IPHONEOS_DEPLOYMENT_TARGET = 12.1;
				MTL_ENABLE_DEBUG_INFO = NO;
				MTL_FAST_MATH = YES;
				SDKROOT = iphoneos;
				SWIFT_COMPILATION_MODE = wholemodule;
				SWIFT_OPTIMIZATION_LEVEL = "-O";
				VALIDATE_PRODUCT = YES;
			};
			name = Release;
		};
		CD1574B423035B9000D3F1E2 /* Debug */ = {
			isa = XCBuildConfiguration;
			buildSettings = {
				ASSETCATALOG_COMPILER_APPICON_NAME = AppIcon;
				CODE_SIGN_STYLE = Automatic;
				DEVELOPMENT_TEAM = 777577VLG8;
				INFOPLIST_FILE = StreamingApplication/Info.plist;
				IPHONEOS_DEPLOYMENT_TARGET = 10.0;
				LD_RUNPATH_SEARCH_PATHS = (
					"$(inherited)",
					"@executable_path/Frameworks",
				);
				PRODUCT_BUNDLE_IDENTIFIER = "roman-lab.StreamingApplication";
				PRODUCT_NAME = "$(TARGET_NAME)";
				SWIFT_VERSION = 4.2;
				TARGETED_DEVICE_FAMILY = "1,2";
			};
			name = Debug;
		};
		CD1574B523035B9000D3F1E2 /* Release */ = {
			isa = XCBuildConfiguration;
			buildSettings = {
				ASSETCATALOG_COMPILER_APPICON_NAME = AppIcon;
				CODE_SIGN_STYLE = Automatic;
				DEVELOPMENT_TEAM = 777577VLG8;
				INFOPLIST_FILE = StreamingApplication/Info.plist;
				IPHONEOS_DEPLOYMENT_TARGET = 10.0;
				LD_RUNPATH_SEARCH_PATHS = (
					"$(inherited)",
					"@executable_path/Frameworks",
				);
				PRODUCT_BUNDLE_IDENTIFIER = "roman-lab.StreamingApplication";
				PRODUCT_NAME = "$(TARGET_NAME)";
				SWIFT_VERSION = 4.2;
				TARGETED_DEVICE_FAMILY = "1,2";
			};
			name = Release;
		};
/* End XCBuildConfiguration section */

/* Begin XCConfigurationList section */
		CD15749C23035B8600D3F1E2 /* Build configuration list for PBXProject "StreamingApplication" */ = {
			isa = XCConfigurationList;
			buildConfigurations = (
				CD1574B123035B9000D3F1E2 /* Debug */,
				CD1574B223035B9000D3F1E2 /* Release */,
			);
			defaultConfigurationIsVisible = 0;
			defaultConfigurationName = Release;
		};
		CD1574B323035B9000D3F1E2 /* Build configuration list for PBXNativeTarget "StreamingApplication" */ = {
			isa = XCConfigurationList;
			buildConfigurations = (
				CD1574B423035B9000D3F1E2 /* Debug */,
				CD1574B523035B9000D3F1E2 /* Release */,
			);
			defaultConfigurationIsVisible = 0;
			defaultConfigurationName = Release;
		};
/* End XCConfigurationList section */
	};
	rootObject = CD15749923035B8600D3F1E2 /* Project object */;
}
